
Microsoft Visual Studio Solution File, Format Version 12.00
# Visual Studio Version 17
VisualStudioVersion = 17.13.35825.156 d17.13
MinimumVisualStudioVersion = 10.0.40219.1
Project("{FAE04EC0-301F-11D3-BF4B-00C04F79EFBC}") = "Lista1", "Lista1.csproj", "{90A876C3-6045-486E-B411-74A44DF7F13C}"
EndProject
Global
	GlobalSection(SolutionConfigurationPlatforms) = preSolution
		Debug|Any CPU = Debug|Any CPU
		Release|Any CPU = Release|Any CPU
	EndGlobalSection
	GlobalSection(ProjectConfigurationPlatforms) = postSolution
		{90A876C3-6045-486E-B411-74A44DF7F13C}.Debug|Any CPU.ActiveCfg = Debug|Any CPU
		{90A876C3-6045-486E-B411-74A44DF7F13C}.Debug|Any CPU.Build.0 = Debug|Any CPU
		{90A876C3-6045-486E-B411-74A44DF7F13C}.Release|Any CPU.ActiveCfg = Release|Any CPU
		{90A876C3-6045-486E-B411-74A44DF7F13C}.Release|Any CPU.Build.0 = Release|Any CPU
	EndGlobalSection
	GlobalSection(SolutionProperties) = preSolution
		HideSolutionNode = FALSE
	EndGlobalSection
	GlobalSection(ExtensibilityGlobals) = postSolution
		SolutionGuid = {C3BC7631-F334-4503-8788-EB1C9222AFF1}
	EndGlobalSection
EndGlobal
